// !$*UTF8*$!
{
	archiveVersion = 1;
	classes = {
	};
	objectVersion = 46;
	objects = {

/* Begin PBXBuildFile section */
		E9CDE4BB146EF90800A0D698 /* Cocoa.framework in Frameworks */ = {isa = PBXBuildFile; fileRef = E9CDE4BA146EF90800A0D698 /* Cocoa.framework */; };
		E9CDE4C5146EF90800A0D698 /* InfoPlist.strings in Resources */ = {isa = PBXBuildFile; fileRef = E9CDE4C3146EF90800A0D698 /* InfoPlist.strings */; };
		E9CDE4C7146EF90800A0D698 /* main.m in Sources */ = {isa = PBXBuildFile; fileRef = E9CDE4C6146EF90800A0D698 /* main.m */; };
		E9CDE4CB146EF90800A0D698 /* Credits.rtf in Resources */ = {isa = PBXBuildFile; fileRef = E9CDE4C9146EF90800A0D698 /* Credits.rtf */; };
		E9CDE4CE146EF90800A0D698 /* Apple_Debate_TimerAppDelegate.m in Sources */ = {isa = PBXBuildFile; fileRef = E9CDE4CD146EF90800A0D698 /* Apple_Debate_TimerAppDelegate.m */; };
		E9CDE4D1146EF90900A0D698 /* MainMenu.xib in Resources */ = {isa = PBXBuildFile; fileRef = E9CDE4CF146EF90900A0D698 /* MainMenu.xib */; };
/* End PBXBuildFile section */

/* Begin PBXFileReference section */
		E9CDE4B6146EF90800A0D698 /* Apple Debate Timer.app */ = {isa = PBXFileReference; explicitFileType = wrapper.application; includeInIndex = 0; path = "Apple Debate Timer.app"; sourceTree = BUILT_PRODUCTS_DIR; };
		E9CDE4BA146EF90800A0D698 /* Cocoa.framework */ = {isa = PBXFileReference; lastKnownFileType = wrapper.framework; name = Cocoa.framework; path = System/Library/Frameworks/Cocoa.framework; sourceTree = SDKROOT; };
		E9CDE4BD146EF90800A0D698 /* AppKit.framework */ = {isa = PBXFileReference; lastKnownFileType = wrapper.framework; name = AppKit.framework; path = System/Library/Frameworks/AppKit.framework; sourceTree = SDKROOT; };
		E9CDE4BE146EF90800A0D698 /* CoreData.framework */ = {isa = PBXFileReference; lastKnownFileType = wrapper.framework; name = CoreData.framework; path = System/Library/Frameworks/CoreData.framework; sourceTree = SDKROOT; };
		E9CDE4BF146EF90800A0D698 /* Foundation.framework */ = {isa = PBXFileReference; lastKnownFileType = wrapper.framework; name = Foundation.framework; path = System/Library/Frameworks/Foundation.framework; sourceTree = SDKROOT; };
		E9CDE4C2146EF90800A0D698 /* Apple Debate Timer-Info.plist */ = {isa = PBXFileReference; path = "Apple Debate Timer-Info.plist"; sourceTree = "<group>"; };
		E9CDE4C4146EF90800A0D698 /* en */ = {isa = PBXFileReference; lastKnownFileType = text.plist.strings; name = en; path = en.lproj/InfoPlist.strings; sourceTree = "<group>"; };
		E9CDE4C6146EF90800A0D698 /* main.m */ = {isa = PBXFileReference; lastKnownFileType = sourcecode.c.objc; path = main.m; sourceTree = "<group>"; };
		E9CDE4C8146EF90800A0D698 /* Apple Debate Timer-Prefix.pch */ = {isa = PBXFileReference; path = "Apple Debate Timer-Prefix.pch"; sourceTree = "<group>"; };
		E9CDE4CA146EF90800A0D698 /* en */ = {isa = PBXFileReference; lastKnownFileType = text.rtf; name = en; path = en.lproj/Credits.rtf; sourceTree = "<group>"; };
		E9CDE4CC146EF90800A0D698 /* Apple_Debate_TimerAppDelegate.h */ = {isa = PBXFileReference; path = Apple_Debate_TimerAppDelegate.h; sourceTree = "<group>"; };
		E9CDE4CD146EF90800A0D698 /* Apple_Debate_TimerAppDelegate.m */ = {isa = PBXFileReference; lastKnownFileType = sourcecode.c.objc; path = Apple_Debate_TimerAppDelegate.m; sourceTree = "<group>"; };
		E9CDE4D0146EF90900A0D698 /* en */ = {isa = PBXFileReference; lastKnownFileType = file.xib; name = en; path = en.lproj/MainMenu.xib; sourceTree = "<group>"; };
/* End PBXFileReference section */

/* Begin PBXFrameworksBuildPhase section */
		E9CDE4B3146EF90800A0D698 /* Frameworks */ = {
			isa = PBXFrameworksBuildPhase;
			buildActionMask = 2147483647;
			files = (
				E9CDE4BB146EF90800A0D698 /* Cocoa.framework in Frameworks */,
			);
			runOnlyForDeploymentPostprocessing = 0;
		};
/* End PBXFrameworksBuildPhase section */

/* Begin PBXGroup section */
		E9CDE4AB146EF90800A0D698 = {
			isa = PBXGroup;
			children = (
				E9CDE4C0146EF90800A0D698 /* Apple Debate Timer */,
				E9CDE4B9146EF90800A0D698 /* Frameworks */,
				E9CDE4B7146EF90800A0D698 /* Products */,
			);
			sourceTree = "<group>";
		};
		E9CDE4B7146EF90800A0D698 /* Products */ = {
			isa = PBXGroup;
			children = (
				E9CDE4B6146EF90800A0D698 /* Apple Debate Timer.app */,
			);
			name = Products;
			sourceTree = "<group>";
		};
		E9CDE4B9146EF90800A0D698 /* Frameworks */ = {
			isa = PBXGroup;
			children = (
				E9CDE4BA146EF90800A0D698 /* Cocoa.framework */,
				E9CDE4BC146EF90800A0D698 /* Other Frameworks */,
			);
			name = Frameworks;
			sourceTree = "<group>";
		};
		E9CDE4BC146EF90800A0D698 /* Other Frameworks */ = {
			isa = PBXGroup;
			children = (
				E9CDE4BD146EF90800A0D698 /* AppKit.framework */,
				E9CDE4BE146EF90800A0D698 /* CoreData.framework */,
				E9CDE4BF146EF90800A0D698 /* Foundation.framework */,
			);
			name = "Other Frameworks";
			sourceTree = "<group>";
		};
		E9CDE4C0146EF90800A0D698 /* Apple Debate Timer */ = {
			isa = PBXGroup;
			children = (
				E9CDE4CC146EF90800A0D698 /* Apple_Debate_TimerAppDelegate.h */,
				E9CDE4CD146EF90800A0D698 /* Apple_Debate_TimerAppDelegate.m */,
				E9CDE4CF146EF90900A0D698 /* MainMenu.xib */,
				E9CDE4C1146EF90800A0D698 /* Supporting Files */,
			);
			path = "Apple Debate Timer";
			sourceTree = "<group>";
		};
		E9CDE4C1146EF90800A0D698 /* Supporting Files */ = {
			isa = PBXGroup;
			children = (
				E9CDE4C2146EF90800A0D698 /* Apple Debate Timer-Info.plist */,
				E9CDE4C3146EF90800A0D698 /* InfoPlist.strings */,
				E9CDE4C6146EF90800A0D698 /* main.m */,
				E9CDE4C8146EF90800A0D698 /* Apple Debate Timer-Prefix.pch */,
				E9CDE4C9146EF90800A0D698 /* Credits.rtf */,
			);
			name = "Supporting Files";
			sourceTree = "<group>";
		};
/* End PBXGroup section */

/* Begin PBXNativeTarget section */
		E9CDE4B5146EF90800A0D698 /* Apple Debate Timer */ = {
			isa = PBXNativeTarget;
			buildConfigurationList = E9CDE4D4146EF90900A0D698 /* Build configuration list for PBXNativeTarget "Apple Debate Timer" */;
			buildPhases = (
				E9CDE4B2146EF90800A0D698 /* Sources */,
				E9CDE4B3146EF90800A0D698 /* Frameworks */,
				E9CDE4B4146EF90800A0D698 /* Resources */,
			);
			buildRules = (
			);
			dependencies = (
			);
			name = "Apple Debate Timer";
			productName = "Apple Debate Timer";
			productReference = E9CDE4B6146EF90800A0D698 /* Apple Debate Timer.app */;
			productType = "com.apple.product-type.application";
		};
/* End PBXNativeTarget section */

/* Begin PBXProject section */
		E9CDE4AD146EF90800A0D698 /* Project object */ = {
			isa = PBXProject;
			attributes = {
				ORGANIZATIONNAME = UTSA;
			};
			buildConfigurationList = E9CDE4B0146EF90800A0D698 /* Build configuration list for PBXProject "Apple Debate Timer" */;
			compatibilityVersion = "Xcode 3.2";
			developmentRegion = English;
			hasScannedForEncodings = 0;
			knownRegions = (
				en,
			);
			mainGroup = E9CDE4AB146EF90800A0D698;
			productRefGroup = E9CDE4B7146EF90800A0D698 /* Products */;
			projectDirPath = "";
			projectRoot = "";
			targets = (
				E9CDE4B5146EF90800A0D698 /* Apple Debate Timer */,
			);
		};
/* End PBXProject section */

/* Begin PBXResourcesBuildPhase section */
		E9CDE4B4146EF90800A0D698 /* Resources */ = {
			isa = PBXResourcesBuildPhase;
			buildActionMask = 2147483647;
			files = (
				E9CDE4C5146EF90800A0D698 /* InfoPlist.strings in Resources */,
				E9CDE4CB146EF90800A0D698 /* Credits.rtf in Resources */,
				E9CDE4D1146EF90900A0D698 /* MainMenu.xib in Resources */,
			);
			runOnlyForDeploymentPostprocessing = 0;
		};
/* End PBXResourcesBuildPhase section */

/* Begin PBXSourcesBuildPhase section */
		E9CDE4B2146EF90800A0D698 /* Sources */ = {
			isa = PBXSourcesBuildPhase;
			buildActionMask = 2147483647;
			files = (
				E9CDE4C7146EF90800A0D698 /* main.m in Sources */,
				E9CDE4CE146EF90800A0D698 /* Apple_Debate_TimerAppDelegate.m in Sources */,
			);
			runOnlyForDeploymentPostprocessing = 0;
		};
/* End PBXSourcesBuildPhase section */

/* Begin PBXVariantGroup section */
		E9CDE4C3146EF90800A0D698 /* InfoPlist.strings */ = {
			isa = PBXVariantGroup;
			children = (
				E9CDE4C4146EF90800A0D698 /* en */,
			);
			name = InfoPlist.strings;
			sourceTree = "<group>";
		};
		E9CDE4C9146EF90800A0D698 /* Credits.rtf */ = {
			isa = PBXVariantGroup;
			children = (
				E9CDE4CA146EF90800A0D698 /* en */,
			);
			name = Credits.rtf;
			sourceTree = "<group>";
		};
		E9CDE4CF146EF90900A0D698 /* MainMenu.xib */ = {
			isa = PBXVariantGroup;
			children = (
				E9CDE4D0146EF90900A0D698 /* en */,
			);
			name = MainMenu.xib;
			sourceTree = "<group>";
		};
/* End PBXVariantGroup section */

/* Begin XCBuildConfiguration section */
		E9CDE4D2146EF90900A0D698 /* Debug */ = {
			isa = XCBuildConfiguration;
			buildSettings = {
				ALWAYS_SEARCH_USER_PATHS = NO;
				ARCHS = "$(ARCHS_STANDARD_64_BIT)";
				COPY_PHASE_STRIP = NO;
				GCC_C_LANGUAGE_STANDARD = gnu99;
				GCC_DYNAMIC_NO_PIC = NO;
				GCC_ENABLE_OBJC_EXCEPTIONS = YES;
				GCC_OPTIMIZATION_LEVEL = 0;
				GCC_PREPROCESSOR_DEFINITIONS = (
					"DEBUG=1",
					"$(inherited)",
				);
				GCC_SYMBOLS_PRIVATE_EXTERN = NO;
				GCC_VERSION = com.apple.compilers.llvm.clang.1_0;
				GCC_WARN_64_TO_32_BIT_CONVERSION = YES;
				GCC_WARN_ABOUT_MISSING_PROTOTYPES = YES;
				GCC_WARN_ABOUT_RETURN_TYPE = YES;
				GCC_WARN_UNUSED_VARIABLE = YES;
				MACOSX_DEPLOYMENT_TARGET = 10.7;
				ONLY_ACTIVE_ARCH = YES;
				SDKROOT = macosx;
			};
			name = Debug;
		};
		E9CDE4D3146EF90900A0D698 /* Release */ = {
			isa = XCBuildConfiguration;
			buildSettings = {
				ALWAYS_SEARCH_USER_PATHS = NO;
				ARCHS = "$(ARCHS_STANDARD_64_BIT)";
				COPY_PHASE_STRIP = YES;
				DEBUG_INFORMATION_FORMAT = "dwarf-with-dsym";
				GCC_C_LANGUAGE_STANDARD = gnu99;
				GCC_ENABLE_OBJC_EXCEPTIONS = YES;
				GCC_VERSION = com.apple.compilers.llvm.clang.1_0;
				GCC_WARN_64_TO_32_BIT_CONVERSION = YES;
				GCC_WARN_ABOUT_MISSING_PROTOTYPES = YES;
				GCC_WARN_ABOUT_RETURN_TYPE = YES;
				GCC_WARN_UNUSED_VARIABLE = YES;
				MACOSX_DEPLOYMENT_TARGET = 10.7;
				SDKROOT = macosx;
			};
			name = Release;
		};
		E9CDE4D5146EF90900A0D698 /* Debug */ = {
			isa = XCBuildConfiguration;
			buildSettings = {
				GCC_PRECOMPILE_PREFIX_HEADER = YES;
				GCC_PREFIX_HEADER = "Apple Debate Timer/Apple Debate Timer-Prefix.pch";
				INFOPLIST_FILE = "Apple Debate Timer/Apple Debate Timer-Info.plist";
				PRODUCT_NAME = "$(TARGET_NAME)";
				WRAPPER_EXTENSION = app;
			};
			name = Debug;
		};
		E9CDE4D6146EF90900A0D698 /* Release */ = {
			isa = XCBuildConfiguration;
			buildSettings = {
				GCC_PRECOMPILE_PREFIX_HEADER = YES;
				GCC_PREFIX_HEADER = "Apple Debate Timer/Apple Debate Timer-Prefix.pch";
				INFOPLIST_FILE = "Apple Debate Timer/Apple Debate Timer-Info.plist";
				PRODUCT_NAME = "$(TARGET_NAME)";
				WRAPPER_EXTENSION = app;
			};
			name = Release;
		};
/* End XCBuildConfiguration section */

/* Begin XCConfigurationList section */
		E9CDE4B0146EF90800A0D698 /* Build configuration list for PBXProject "Apple Debate Timer" */ = {
			isa = XCConfigurationList;
			buildConfigurations = (
				E9CDE4D2146EF90900A0D698 /* Debug */,
				E9CDE4D3146EF90900A0D698 /* Release */,
			);
			defaultConfigurationIsVisible = 0;
			defaultConfigurationName = Release;
		};
		E9CDE4D4146EF90900A0D698 /* Build configuration list for PBXNativeTarget "Apple Debate Timer" */ = {
			isa = XCConfigurationList;
			buildConfigurations = (
				E9CDE4D5146EF90900A0D698 /* Debug */,
				E9CDE4D6146EF90900A0D698 /* Release */,
			);
			defaultConfigurationIsVisible = 0;
		};
/* End XCConfigurationList section */
	};
	rootObject = E9CDE4AD146EF90800A0D698 /* Project object */;
}
